
Microsoft Visual Studio Solution File, Format Version 12.00
# Visual Studio Version 17
VisualStudioVersion = 17.7.34221.43
MinimumVisualStudioVersion = 10.0.40219.1
Project("{FAE04EC0-301F-11D3-BF4B-00C04F79EFBC}") = "BFS_visualization", "BFS_visualization\BFS_visualization.csproj", "{721F1E67-203F-4051-92A1-1796E6E7BDB2}"
EndProject
Global
	GlobalSection(SolutionConfigurationPlatforms) = preSolution
		Debug|Any CPU = Debug|Any CPU
		Release|Any CPU = Release|Any CPU
	EndGlobalSection
	GlobalSection(ProjectConfigurationPlatforms) = postSolution
		{721F1E67-203F-4051-92A1-1796E6E7BDB2}.Debug|Any CPU.ActiveCfg = Debug|Any CPU
		{721F1E67-203F-4051-92A1-1796E6E7BDB2}.Debug|Any CPU.Build.0 = Debug|Any CPU
		{721F1E67-203F-4051-92A1-1796E6E7BDB2}.Release|Any CPU.ActiveCfg = Release|Any CPU
		{721F1E67-203F-4051-92A1-1796E6E7BDB2}.Release|Any CPU.Build.0 = Release|Any CPU
	EndGlobalSection
	GlobalSection(SolutionProperties) = preSolution
		HideSolutionNode = FALSE
	EndGlobalSection
	GlobalSection(ExtensibilityGlobals) = postSolution
		SolutionGuid = {B400103F-BD30-48AE-93F3-C6D6ABE1E002}
	EndGlobalSection
EndGlobal
